// !$*UTF8*$!
{
	archiveVersion = 1;
	classes = {
	};
	objectVersion = 77;
	objects = {

/* Begin PBXBuildFile section */
		536BDE14E2AE3FE943C5642A /* Lottie in Frameworks */ = {isa = PBXBuildFile; productRef = 26D0A54D960E9E5D3CF138C1 /* Lottie */; };
/* End PBXBuildFile section */

/* Begin PBXContainerItemProxy section */
		10F3385A2FC001E600D52B36 /* PBXContainerItemProxy */ = {
			isa = PBXContainerItemProxy;
			containerPortal = 10F338442FC001E500D52B36 /* Project object */;
			proxyType = 1;
			remoteGlobalIDString = 10F3384B2FC001E500D52B36;
			remoteInfo = SpeechEaseApp;
		};
		10F338642FC001E600D52B36 /* PBXContainerItemProxy */ = {
			isa = PBXContainerItemProxy;
			containerPortal = 10F338442FC001E500D52B36 /* Project object */;
			proxyType = 1;
			remoteGlobalIDString = 10F3384B2FC001E500D52B36;
			remoteInfo = SpeechEaseApp;
		};
/* End PBXContainerItemProxy section */

/* Begin PBXFileReference section */
		10F3384C2FC001E500D52B36 /* SpeechEaseApp.app */ = {isa = PBXFileReference; explicitFileType = wrapper.application; includeInIndex = 0; path = SpeechEaseApp.app; sourceTree = BUILT_PRODUCTS_DIR; };
		10F338592FC001E600D52B36 /* SpeechEaseAppTests.xctest */ = {isa = PBXFileReference; explicitFileType = wrapper.cfbundle; includeInIndex = 0; path = SpeechEaseAppTests.xctest; sourceTree = BUILT_PRODUCTS_DIR; };
		10F338632FC001E600D52B36 /* SpeechEaseAppUITests.xctest */ = {isa = PBXFileReference; explicitFileType = wrapper.cfbundle; includeInIndex = 0; path = SpeechEaseAppUITests.xctest; sourceTree = BUILT_PRODUCTS_DIR; };
/* End PBXFileReference section */

/* Begin PBXFileSystemSynchronizedRootGroup section */
		10F3384E2FC001E500D52B36 /* SpeechEaseApp */ = {
			isa = PBXFileSystemSynchronizedRootGroup;
			path = SpeechEaseApp;
			sourceTree = "<group>";
		};
		10F3385C2FC001E600D52B36 /* SpeechEaseAppTests */ = {
			isa = PBXFileSystemSynchronizedRootGroup;
			path = SpeechEaseAppTests;
			sourceTree = "<group>";
		};
		10F338662FC001E600D52B36 /* SpeechEaseAppUITests */ = {
			isa = PBXFileSystemSynchronizedRootGroup;
			path = SpeechEaseAppUITests;
			sourceTree = "<group>";
		};
/* End PBXFileSystemSynchronizedRootGroup section */

/* Begin PBXFrameworksBuildPhase section */
		10F338492FC001E500D52B36 /* Frameworks */ = {
			isa = PBXFrameworksBuildPhase;
			buildActionMask = 2147483647;
			files = (
				536BDE14E2AE3FE943C5642A /* Lottie in Frameworks */,
			);
			runOnlyForDeploymentPostprocessing = 0;
		};
		10F338562FC001E600D52B36 /* Frameworks */ = {
			isa = PBXFrameworksBuildPhase;
			buildActionMask = 2147483647;
			files = (
			);
			runOnlyForDeploymentPostprocessing = 0;
		};
		10F338602FC001E600D52B36 /* Frameworks */ = {
			isa = PBXFrameworksBuildPhase;
			buildActionMask = 2147483647;
			files = (
			);
			runOnlyForDeploymentPostprocessing = 0;
		};
/* End PBXFrameworksBuildPhase section */

/* Begin PBXGroup section */
		10F338432FC001E500D52B36 = {
			isa = PBXGroup;
			children = (
				10F3384E2FC001E500D52B36 /* SpeechEaseApp */,
				10F3385C2FC001E600D52B36 /* SpeechEaseAppTests */,
				10F338662FC001E600D52B36 /* SpeechEaseAppUITests */,
				10F3384D2FC001E500D52B36 /* Products */,
			);
			sourceTree = "<group>";
		};
		10F3384D2FC001E500D52B36 /* Products */ = {
			isa = PBXGroup;
			children = (
				10F3384C2FC001E500D52B36 /* SpeechEaseApp.app */,
				10F338592FC001E600D52B36 /* SpeechEaseAppTests.xctest */,
				10F338632FC001E600D52B36 /* SpeechEaseAppUITests.xctest */,
			);
			name = Products;
			sourceTree = "<group>";
		};
/* End PBXGroup section */

/* Begin PBXNativeTarget section */
		10F3384B2FC001E500D52B36 /* SpeechEaseApp */ = {
			isa = PBXNativeTarget;
			buildConfigurationList = 10F3386D2FC001E600D52B36 /* Build configuration list for PBXNativeTarget "SpeechEaseApp" */;
			buildPhases = (
				10F338482FC001E500D52B36 /* Sources */,
				10F338492FC001E500D52B36 /* Frameworks */,
				10F3384A2FC001E500D52B36 /* Resources */,
			);
			buildRules = (
			);
			dependencies = (
			);
			fileSystemSynchronizedGroups = (
				10F3384E2FC001E500D52B36 /* SpeechEaseApp */,
			);
			name = SpeechEaseApp;
			packageProductDependencies = (
				26D0A54D960E9E5D3CF138C1 /* Lottie */,
			);
			productName = SpeechEaseApp;
			productReference = 10F3384C2FC001E500D52B36 /* SpeechEaseApp.app */;
			productType = "com.apple.product-type.application";
		};
		10F338582FC001E600D52B36 /* SpeechEaseAppTests */ = {
			isa = PBXNativeTarget;
			buildConfigurationList = 10F338702FC001E600D52B36 /* Build configuration list for PBXNativeTarget "SpeechEaseAppTests" */;
			buildPhases = (
				10F338552FC001E600D52B36 /* Sources */,
				10F338562FC001E600D52B36 /* Frameworks */,
				10F338572FC001E600D52B36 /* Resources */,
			);
			buildRules = (
			);
			dependencies = (
				10F3385B2FC001E600D52B36 /* PBXTargetDependency */,
			);
			fileSystemSynchronizedGroups = (
				10F3385C2FC001E600D52B36 /* SpeechEaseAppTests */,
			);
			name = SpeechEaseAppTests;
			packageProductDependencies = (
			);
			productName = SpeechEaseAppTests;
			productReference = 10F338592FC001E600D52B36 /* SpeechEaseAppTests.xctest */;
			productType = "com.apple.product-type.bundle.unit-test";
		};
		10F338622FC001E600D52B36 /* SpeechEaseAppUITests */ = {
			isa = PBXNativeTarget;
			buildConfigurationList = 10F338732FC001E600D52B36 /* Build configuration list for PBXNativeTarget "SpeechEaseAppUITests" */;
			buildPhases = (
				10F3385F2FC001E600D52B36 /* Sources */,
				10F338602FC001E600D52B36 /* Frameworks */,
				10F338612FC001E600D52B36 /* Resources */,
			);
			buildRules = (
			);
			dependencies = (
				10F338652FC001E600D52B36 /* PBXTargetDependency */,
			);
			fileSystemSynchronizedGroups = (
				10F338662FC001E600D52B36 /* SpeechEaseAppUITests */,
			);
			name = SpeechEaseAppUITests;
			packageProductDependencies = (
			);
			productName = SpeechEaseAppUITests;
			productReference = 10F338632FC001E600D52B36 /* SpeechEaseAppUITests.xctest */;
			productType = "com.apple.product-type.bundle.ui-testing";
		};
/* End PBXNativeTarget section */

/* Begin PBXProject section */
		10F338442FC001E500D52B36 /* Project object */ = {
			isa = PBXProject;
			attributes = {
				BuildIndependentTargetsInParallel = 1;
				LastSwiftUpdateCheck = 2640;
				LastUpgradeCheck = 2650;
				TargetAttributes = {
					10F3384B2FC001E500D52B36 = {
						CreatedOnToolsVersion = 26.4;
					};
					10F338582FC001E600D52B36 = {
						CreatedOnToolsVersion = 26.4;
						TestTargetID = 10F3384B2FC001E500D52B36;
					};
					10F338622FC001E600D52B36 = {
						CreatedOnToolsVersion = 26.4;
						TestTargetID = 10F3384B2FC001E500D52B36;
					};
				};
			};
			buildConfigurationList = 10F338472FC001E500D52B36 /* Build configuration list for PBXProject "SpeechEaseApp" */;
			developmentRegion = en;
			hasScannedForEncodings = 0;
			knownRegions = (
				en,
				Base,
			);
			mainGroup = 10F338432FC001E500D52B36;
			minimizedProjectReferenceProxies = 1;
			packageReferences = (
				E66F4FB578FA32EA018312CB /* XCRemoteSwiftPackageReference "lottie-spm" */,
			);
			preferredProjectObjectVersion = 77;
			productRefGroup = 10F3384D2FC001E500D52B36 /* Products */;
			projectDirPath = "";
			projectRoot = "";
			targets = (
				10F3384B2FC001E500D52B36 /* SpeechEaseApp */,
				10F338582FC001E600D52B36 /* SpeechEaseAppTests */,
				10F338622FC001E600D52B36 /* SpeechEaseAppUITests */,
			);
		};
/* End PBXProject section */

/* Begin PBXResourcesBuildPhase section */
		10F3384A2FC001E500D52B36 /* Resources */ = {
			isa = PBXResourcesBuildPhase;
			buildActionMask = 2147483647;
			files = (
			);
			runOnlyForDeploymentPostprocessing = 0;
		};
		10F338572FC001E600D52B36 /* Resources */ = {
			isa = PBXResourcesBuildPhase;
			buildActionMask = 2147483647;
			files = (
			);
			runOnlyForDeploymentPostprocessing = 0;
		};
		10F338612FC001E600D52B36 /* Resources */ = {
			isa = PBXResourcesBuildPhase;
			buildActionMask = 2147483647;
			files = (
			);
			runOnlyForDeploymentPostprocessing = 0;
		};
/* End PBXResourcesBuildPhase section */

/* Begin PBXSourcesBuildPhase section */
		10F338482FC001E500D52B36 /* Sources */ = {
			isa = PBXSourcesBuildPhase;
			buildActionMask = 2147483647;
			files = (
			);
			runOnlyForDeploymentPostprocessing = 0;
		};
		10F338552FC001E600D52B36 /* Sources */ = {
			isa = PBXSourcesBuildPhase;
			buildActionMask = 2147483647;
			files = (
			);
			runOnlyForDeploymentPostprocessing = 0;
		};
		10F3385F2FC001E600D52B36 /* Sources */ = {
			isa = PBXSourcesBuildPhase;
			buildActionMask = 2147483647;
			files = (
			);
			runOnlyForDeploymentPostprocessing = 0;
		};
/* End PBXSourcesBuildPhase section */

/* Begin PBXTargetDependency section */
		10F3385B2FC001E600D52B36 /* PBXTargetDependency */ = {
			isa = PBXTargetDependency;
			target = 10F3384B2FC001E500D52B36 /* SpeechEaseApp */;
			targetProxy = 10F3385A2FC001E600D52B36 /* PBXContainerItemProxy */;
		};
		10F338652FC001E600D52B36 /* PBXTargetDependency */ = {
			isa = PBXTargetDependency;
			target = 10F3384B2FC001E500D52B36 /* SpeechEaseApp */;
			targetProxy = 10F338642FC001E600D52B36 /* PBXContainerItemProxy */;
		};
/* End PBXTargetDependency section */

/* Begin XCBuildConfiguration section */
		10F3386B2FC001E600D52B36 /* Debug */ = {
			isa = XCBuildConfiguration;
			buildSettings = {
				ALWAYS_SEARCH_USER_PATHS = NO;
				ASSETCATALOG_COMPILER_GENERATE_SWIFT_ASSET_SYMBOL_EXTENSIONS = YES;
				CLANG_ANALYZER_NONNULL = YES;
				CLANG_ANALYZER_NUMBER_OBJECT_CONVERSION = YES_AGGRESSIVE;
				CLANG_CXX_LANGUAGE_STANDARD = "gnu++20";
				CLANG_ENABLE_MODULES = YES;
				CLANG_ENABLE_OBJC_ARC = YES;
				CLANG_ENABLE_OBJC_WEAK = YES;
				CLANG_WARN_BLOCK_CAPTURE_AUTORELEASING = YES;
				CLANG_WARN_BOOL_CONVERSION = YES;
				CLANG_WARN_COMMA = YES;
				CLANG_WARN_CONSTANT_CONVERSION = YES;
				CLANG_WARN_DEPRECATED_OBJC_IMPLEMENTATIONS = YES;
				CLANG_WARN_DIRECT_OBJC_ISA_USAGE = YES_ERROR;
				CLANG_WARN_DOCUMENTATION_COMMENTS = YES;
				CLANG_WARN_EMPTY_BODY = YES;
				CLANG_WARN_ENUM_CONVERSION = YES;
				CLANG_WARN_INFINITE_RECURSION = YES;
				CLANG_WARN_INT_CONVERSION = YES;
				CLANG_WARN_NON_LITERAL_NULL_CONVERSION = YES;
				CLANG_WARN_OBJC_IMPLICIT_RETAIN_SELF = YES;
				CLANG_WARN_OBJC_LITERAL_CONVERSION = YES;
				CLANG_WARN_OBJC_ROOT_CLASS = YES_ERROR;
				CLANG_WARN_QUOTED_INCLUDE_IN_FRAMEWORK_HEADER = YES;
				CLANG_WARN_RANGE_LOOP_ANALYSIS = YES;
				CLANG_WARN_STRICT_PROTOTYPES = YES;
				CLANG_WARN_SUSPICIOUS_MOVE = YES;
				CLANG_WARN_UNGUARDED_AVAILABILITY = YES_AGGRESSIVE;
				CLANG_WARN_UNREACHABLE_CODE = YES;
				CLANG_WARN__DUPLICATE_METHOD_MATCH = YES;
				COPY_PHASE_STRIP = NO;
				DEAD_CODE_STRIPPING = YES;
				DEBUG_INFORMATION_FORMAT = dwarf;
				DEVELOPMENT_TEAM = 95GCPK9L3Y;
				ENABLE_STRICT_OBJC_MSGSEND = YES;
				ENABLE_TESTABILITY = YES;
				ENABLE_USER_SCRIPT_SANDBOXING = YES;
				GCC_C_LANGUAGE_STANDARD = gnu17;
				GCC_DYNAMIC_NO_PIC = NO;
				GCC_NO_COMMON_BLOCKS = YES;
				GCC_OPTIMIZATION_LEVEL = 0;
				GCC_PREPROCESSOR_DEFINITIONS = (
					"DEBUG=1",
					"$(inherited)",
				);
				GCC_WARN_64_TO_32_BIT_CONVERSION = YES;
				GCC_WARN_ABOUT_RETURN_TYPE = YES_ERROR;
				GCC_WARN_UNDECLARED_SELECTOR = YES;
				GCC_WARN_UNINITIALIZED_AUTOS = YES_AGGRESSIVE;
				GCC_WARN_UNUSED_FUNCTION = YES;
				GCC_WARN_UNUSED_VARIABLE = YES;
				LOCALIZATION_PREFERS_STRING_CATALOGS = YES;
				MTL_ENABLE_DEBUG_INFO = INCLUDE_SOURCE;
				MTL_FAST_MATH = YES;
				ONLY_ACTIVE_ARCH = YES;
				STRING_CATALOG_GENERATE_SYMBOLS = YES;
				SWIFT_ACTIVE_COMPILATION_CONDITIONS = "DEBUG $(inherited)";
				SWIFT_OPTIMIZATION_LEVEL = "-Onone";
			};
			name = Debug;
		};
		10F3386C2FC001E600D52B36 /* Release */ = {
			isa = XCBuildConfiguration;
			buildSettings = {
				ALWAYS_SEARCH_USER_PATHS = NO;
				ASSETCATALOG_COMPILER_GENERATE_SWIFT_ASSET_SYMBOL_EXTENSIONS = YES;
				CLANG_ANALYZER_NONNULL = YES;
				CLANG_ANALYZER_NUMBER_OBJECT_CONVERSION = YES_AGGRESSIVE;
				CLANG_CXX_LANGUAGE_STANDARD = "gnu++20";
				CLANG_ENABLE_MODULES = YES;
				CLANG_ENABLE_OBJC_ARC = YES;
				CLANG_ENABLE_OBJC_WEAK = YES;
				CLANG_WARN_BLOCK_CAPTURE_AUTORELEASING = YES;
				CLANG_WARN_BOOL_CONVERSION = YES;
				CLANG_WARN_COMMA = YES;
				CLANG_WARN_CONSTANT_CONVERSION = YES;
				CLANG_WARN_DEPRECATED_OBJC_IMPLEMENTATIONS = YES;
				CLANG_WARN_DIRECT_OBJC_ISA_USAGE = YES_ERROR;
				CLANG_WARN_DOCUMENTATION_COMMENTS = YES;
				CLANG_WARN_EMPTY_BODY = YES;
				CLANG_WARN_ENUM_CONVERSION = YES;
				CLANG_WARN_INFINITE_RECURSION = YES;
				CLANG_WARN_INT_CONVERSION = YES;
				CLANG_WARN_NON_LITERAL_NULL_CONVERSION = YES;
				CLANG_WARN_OBJC_IMPLICIT_RETAIN_SELF = YES;
				CLANG_WARN_OBJC_LITERAL_CONVERSION = YES;
				CLANG_WARN_OBJC_ROOT_CLASS = YES_ERROR;
				CLANG_WARN_QUOTED_INCLUDE_IN_FRAMEWORK_HEADER = YES;
				CLANG_WARN_RANGE_LOOP_ANALYSIS = YES;
				CLANG_WARN_STRICT_PROTOTYPES = YES;
				CLANG_WARN_SUSPICIOUS_MOVE = YES;
				CLANG_WARN_UNGUARDED_AVAILABILITY = YES_AGGRESSIVE;
				CLANG_WARN_UNREACHABLE_CODE = YES;
				CLANG_WARN__DUPLICATE_METHOD_MATCH = YES;
				COPY_PHASE_STRIP = NO;
				DEAD_CODE_STRIPPING = YES;
				DEBUG_INFORMATION_FORMAT = "dwarf-with-dsym";
				DEVELOPMENT_TEAM = 95GCPK9L3Y;
				ENABLE_NS_ASSERTIONS = NO;
				ENABLE_STRICT_OBJC_MSGSEND = YES;
				ENABLE_USER_SCRIPT_SANDBOXING = YES;
				GCC_C_LANGUAGE_STANDARD = gnu17;
				GCC_NO_COMMON_BLOCKS = YES;
				GCC_WARN_64_TO_32_BIT_CONVERSION = YES;
				GCC_WARN_ABOUT_RETURN_TYPE = YES_ERROR;
				GCC_WARN_UNDECLARED_SELECTOR = YES;
				GCC_WARN_UNINITIALIZED_AUTOS = YES_AGGRESSIVE;
				GCC_WARN_UNUSED_FUNCTION = YES;
				GCC_WARN_UNUSED_VARIABLE = YES;
				LOCALIZATION_PREFERS_STRING_CATALOGS = YES;
				MTL_ENABLE_DEBUG_INFO = NO;
				MTL_FAST_MATH = YES;
				STRING_CATALOG_GENERATE_SYMBOLS = YES;
				SWIFT_COMPILATION_MODE = wholemodule;
			};
			name = Release;
		};
		10F3386E2FC001E600D52B36 /* Debug */ = {
			isa = XCBuildConfiguration;
			buildSettings = {
				ASSETCATALOG_COMPILER_APPICON_NAME = AppIcon;
				ASSETCATALOG_COMPILER_GLOBAL_ACCENT_COLOR_NAME = AccentColor;
				CODE_SIGN_STYLE = Automatic;
				CURRENT_PROJECT_VERSION = 1;
				DEAD_CODE_STRIPPING = YES;
				DEVELOPMENT_TEAM = 95GCPK9L3Y;
				ENABLE_APP_SANDBOX = YES;
				ENABLE_HARDENED_RUNTIME = YES;
				ENABLE_PREVIEWS = YES;
				ENABLE_USER_SELECTED_FILES = readonly;
				GENERATE_INFOPLIST_FILE = YES;
				INFOPLIST_KEY_NSCameraUsageDescription = "We need access to your camera to analyze your body language during practice sessions.";
				INFOPLIST_KEY_NSMicrophoneUsageDescription = "We need access to your microphone to analyze your speech for practice sessions.";
				INFOPLIST_KEY_NSMotionUsageDescription = "We use AirPods head motion to gently remind you to look around the room while you speak.";
				INFOPLIST_KEY_NSSpeechRecognitionUsageDescription = "We use speech recognition to transcribe your practice sessions in real-time.";
				"INFOPLIST_KEY_UIApplicationSceneManifest_Generation[sdk=iphoneos*]" = YES;
				"INFOPLIST_KEY_UIApplicationSceneManifest_Generation[sdk=iphonesimulator*]" = YES;
				"INFOPLIST_KEY_UIApplicationSupportsIndirectInputEvents[sdk=iphoneos*]" = YES;
				"INFOPLIST_KEY_UIApplicationSupportsIndirectInputEvents[sdk=iphonesimulator*]" = YES;
				"INFOPLIST_KEY_UILaunchScreen_Generation[sdk=iphoneos*]" = YES;
				"INFOPLIST_KEY_UILaunchScreen_Generation[sdk=iphonesimulator*]" = YES;
				"INFOPLIST_KEY_UIStatusBarStyle[sdk=iphoneos*]" = UIStatusBarStyleDefault;
				"INFOPLIST_KEY_UIStatusBarStyle[sdk=iphonesimulator*]" = UIStatusBarStyleDefault;
				INFOPLIST_KEY_UISupportedInterfaceOrientations_iPad = "UIInterfaceOrientationPortrait UIInterfaceOrientationPortraitUpsideDown UIInterfaceOrientationLandscapeLeft UIInterfaceOrientationLandscapeRight";
				INFOPLIST_KEY_UISupportedInterfaceOrientations_iPhone = "UIInterfaceOrientationPortrait UIInterfaceOrientationLandscapeLeft UIInterfaceOrientationLandscapeRight";
				IPHONEOS_DEPLOYMENT_TARGET = 26.0;
				LD_RUNPATH_SEARCH_PATHS = "@executable_path/Frameworks";
				"LD_RUNPATH_SEARCH_PATHS[sdk=macosx*]" = "@executable_path/../Frameworks";
				MACOSX_DEPLOYMENT_TARGET = 26.0;
				MARKETING_VERSION = 1.0;
				PRODUCT_BUNDLE_IDENTIFIER = Magic.SpeechEaseApp;
				PRODUCT_NAME = "$(TARGET_NAME)";
				REGISTER_APP_GROUPS = YES;
				SDKROOT = auto;
				STRING_CATALOG_GENERATE_SYMBOLS = YES;
				SUPPORTED_PLATFORMS = "iphoneos iphonesimulator macosx xros xrsimulator";
				SWIFT_APPROACHABLE_CONCURRENCY = YES;
				SWIFT_DEFAULT_ACTOR_ISOLATION = MainActor;
				SWIFT_EMIT_LOC_STRINGS = YES;
				SWIFT_UPCOMING_FEATURE_MEMBER_IMPORT_VISIBILITY = YES;
				SWIFT_VERSION = 5.0;
				TARGETED_DEVICE_FAMILY = "1,2,7";
				XROS_DEPLOYMENT_TARGET = 26.0;
			};
			name = Debug;
		};
		10F3386F2FC001E600D52B36 /* Release */ = {
			isa = XCBuildConfiguration;
			buildSettings = {
				ASSETCATALOG_COMPILER_APPICON_NAME = AppIcon;
				ASSETCATALOG_COMPILER_GLOBAL_ACCENT_COLOR_NAME = AccentColor;
				CODE_SIGN_STYLE = Automatic;
				CURRENT_PROJECT_VERSION = 1;
				DEAD_CODE_STRIPPING = YES;
				DEVELOPMENT_TEAM = 95GCPK9L3Y;
				ENABLE_APP_SANDBOX = YES;
				ENABLE_HARDENED_RUNTIME = YES;
				ENABLE_PREVIEWS = YES;
				ENABLE_USER_SELECTED_FILES = readonly;
				GENERATE_INFOPLIST_FILE = YES;
				INFOPLIST_KEY_NSCameraUsageDescription = "We need access to your camera to analyze your body language during practice sessions.";
				INFOPLIST_KEY_NSMicrophoneUsageDescription = "We need access to your microphone to analyze your speech for practice sessions.";
				INFOPLIST_KEY_NSMotionUsageDescription = "We use AirPods head motion to gently remind you to look around the room while you speak.";
				INFOPLIST_KEY_NSSpeechRecognitionUsageDescription = "We use speech recognition to transcribe your practice sessions in real-time.";
				"INFOPLIST_KEY_UIApplicationSceneManifest_Generation[sdk=iphoneos*]" = YES;
				"INFOPLIST_KEY_UIApplicationSceneManifest_Generation[sdk=iphonesimulator*]" = YES;
				"INFOPLIST_KEY_UIApplicationSupportsIndirectInputEvents[sdk=iphoneos*]" = YES;
				"INFOPLIST_KEY_UIApplicationSupportsIndirectInputEvents[sdk=iphonesimulator*]" = YES;
				"INFOPLIST_KEY_UILaunchScreen_Generation[sdk=iphoneos*]" = YES;
				"INFOPLIST_KEY_UILaunchScreen_Generation[sdk=iphonesimulator*]" = YES;
				"INFOPLIST_KEY_UIStatusBarStyle[sdk=iphoneos*]" = UIStatusBarStyleDefault;
				"INFOPLIST_KEY_UIStatusBarStyle[sdk=iphonesimulator*]" = UIStatusBarStyleDefault;
				INFOPLIST_KEY_UISupportedInterfaceOrientations_iPad = "UIInterfaceOrientationPortrait UIInterfaceOrientationPortraitUpsideDown UIInterfaceOrientationLandscapeLeft UIInterfaceOrientationLandscapeRight";
				INFOPLIST_KEY_UISupportedInterfaceOrientations_iPhone = "UIInterfaceOrientationPortrait UIInterfaceOrientationLandscapeLeft UIInterfaceOrientationLandscapeRight";
				IPHONEOS_DEPLOYMENT_TARGET = 26.0;
				LD_RUNPATH_SEARCH_PATHS = "@executable_path/Frameworks";
				"LD_RUNPATH_SEARCH_PATHS[sdk=macosx*]" = "@executable_path/../Frameworks";
				MACOSX_DEPLOYMENT_TARGET = 26.0;
				MARKETING_VERSION = 1.0;
				PRODUCT_BUNDLE_IDENTIFIER = Magic.SpeechEaseApp;
				PRODUCT_NAME = "$(TARGET_NAME)";
				REGISTER_APP_GROUPS = YES;
				SDKROOT = auto;
				STRING_CATALOG_GENERATE_SYMBOLS = YES;
				SUPPORTED_PLATFORMS = "iphoneos iphonesimulator macosx xros xrsimulator";
				SWIFT_APPROACHABLE_CONCURRENCY = YES;
				SWIFT_DEFAULT_ACTOR_ISOLATION = MainActor;
				SWIFT_EMIT_LOC_STRINGS = YES;
				SWIFT_UPCOMING_FEATURE_MEMBER_IMPORT_VISIBILITY = YES;
				SWIFT_VERSION = 5.0;
				TARGETED_DEVICE_FAMILY = "1,2,7";
				XROS_DEPLOYMENT_TARGET = 26.0;
			};
			name = Release;
		};
		10F338712FC001E600D52B36 /* Debug */ = {
			isa = XCBuildConfiguration;
			buildSettings = {
				BUNDLE_LOADER = "$(TEST_HOST)";
				CODE_SIGN_STYLE = Automatic;
				CURRENT_PROJECT_VERSION = 1;
				DEAD_CODE_STRIPPING = YES;
				DEVELOPMENT_TEAM = 95GCPK9L3Y;
				GENERATE_INFOPLIST_FILE = YES;
				IPHONEOS_DEPLOYMENT_TARGET = 26.4;
				MACOSX_DEPLOYMENT_TARGET = 26.3;
				MARKETING_VERSION = 1.0;
				PRODUCT_BUNDLE_IDENTIFIER = Magic.SpeechEaseAppTests;
				PRODUCT_NAME = "$(TARGET_NAME)";
				SDKROOT = auto;
				STRING_CATALOG_GENERATE_SYMBOLS = NO;
				SUPPORTED_PLATFORMS = "iphoneos iphonesimulator macosx xros xrsimulator";
				SWIFT_APPROACHABLE_CONCURRENCY = YES;
				SWIFT_EMIT_LOC_STRINGS = NO;
				SWIFT_UPCOMING_FEATURE_MEMBER_IMPORT_VISIBILITY = YES;
				SWIFT_VERSION = 5.0;
				TARGETED_DEVICE_FAMILY = "1,2,7";
				TEST_HOST = "$(BUILT_PRODUCTS_DIR)/SpeechEaseApp.app/$(BUNDLE_EXECUTABLE_FOLDER_PATH)/SpeechEaseApp";
				XROS_DEPLOYMENT_TARGET = 26.4;
			};
			name = Debug;
		};
		10F338722FC001E600D52B36 /* Release */ = {
			isa = XCBuildConfiguration;
			buildSettings = {
				BUNDLE_LOADER = "$(TEST_HOST)";
				CODE_SIGN_STYLE = Automatic;
				CURRENT_PROJECT_VERSION = 1;
				DEAD_CODE_STRIPPING = YES;
				DEVELOPMENT_TEAM = 95GCPK9L3Y;
				GENERATE_INFOPLIST_FILE = YES;
				IPHONEOS_DEPLOYMENT_TARGET = 26.4;
				MACOSX_DEPLOYMENT_TARGET = 26.3;
				MARKETING_VERSION = 1.0;
				PRODUCT_BUNDLE_IDENTIFIER = Magic.SpeechEaseAppTests;
				PRODUCT_NAME = "$(TARGET_NAME)";
				SDKROOT = auto;
				STRING_CATALOG_GENERATE_SYMBOLS = NO;
				SUPPORTED_PLATFORMS = "iphoneos iphonesimulator macosx xros xrsimulator";
				SWIFT_APPROACHABLE_CONCURRENCY = YES;
				SWIFT_EMIT_LOC_STRINGS = NO;
				SWIFT_UPCOMING_FEATURE_MEMBER_IMPORT_VISIBILITY = YES;
				SWIFT_VERSION = 5.0;
				TARGETED_DEVICE_FAMILY = "1,2,7";
				TEST_HOST = "$(BUILT_PRODUCTS_DIR)/SpeechEaseApp.app/$(BUNDLE_EXECUTABLE_FOLDER_PATH)/SpeechEaseApp";
				XROS_DEPLOYMENT_TARGET = 26.4;
			};
			name = Release;
		};
		10F338742FC001E600D52B36 /* Debug */ = {
			isa = XCBuildConfiguration;
			buildSettings = {
				CODE_SIGN_STYLE = Automatic;
				CURRENT_PROJECT_VERSION = 1;
				DEAD_CODE_STRIPPING = YES;
				DEVELOPMENT_TEAM = 95GCPK9L3Y;
				GENERATE_INFOPLIST_FILE = YES;
				IPHONEOS_DEPLOYMENT_TARGET = 26.4;
				MACOSX_DEPLOYMENT_TARGET = 26.3;
				MARKETING_VERSION = 1.0;
				PRODUCT_BUNDLE_IDENTIFIER = Magic.SpeechEaseAppUITests;
				PRODUCT_NAME = "$(TARGET_NAME)";
				SDKROOT = auto;
				STRING_CATALOG_GENERATE_SYMBOLS = NO;
				SUPPORTED_PLATFORMS = "iphoneos iphonesimulator macosx xros xrsimulator";
				SWIFT_APPROACHABLE_CONCURRENCY = YES;
				SWIFT_EMIT_LOC_STRINGS = NO;
				SWIFT_UPCOMING_FEATURE_MEMBER_IMPORT_VISIBILITY = YES;
				SWIFT_VERSION = 5.0;
				TARGETED_DEVICE_FAMILY = "1,2,7";
				TEST_TARGET_NAME = SpeechEaseApp;
				XROS_DEPLOYMENT_TARGET = 26.4;
			};
			name = Debug;
		};
		10F338752FC001E600D52B36 /* Release */ = {
			isa = XCBuildConfiguration;
			buildSettings = {
				CODE_SIGN_STYLE = Automatic;
				CURRENT_PROJECT_VERSION = 1;
				DEAD_CODE_STRIPPING = YES;
				DEVELOPMENT_TEAM = 95GCPK9L3Y;
				GENERATE_INFOPLIST_FILE = YES;
				IPHONEOS_DEPLOYMENT_TARGET = 26.4;
				MACOSX_DEPLOYMENT_TARGET = 26.3;
				MARKETING_VERSION = 1.0;
				PRODUCT_BUNDLE_IDENTIFIER = Magic.SpeechEaseAppUITests;
				PRODUCT_NAME = "$(TARGET_NAME)";
				SDKROOT = auto;
				STRING_CATALOG_GENERATE_SYMBOLS = NO;
				SUPPORTED_PLATFORMS = "iphoneos iphonesimulator macosx xros xrsimulator";
				SWIFT_APPROACHABLE_CONCURRENCY = YES;
				SWIFT_EMIT_LOC_STRINGS = NO;
				SWIFT_UPCOMING_FEATURE_MEMBER_IMPORT_VISIBILITY = YES;
				SWIFT_VERSION = 5.0;
				TARGETED_DEVICE_FAMILY = "1,2,7";
				TEST_TARGET_NAME = SpeechEaseApp;
				XROS_DEPLOYMENT_TARGET = 26.4;
			};
			name = Release;
		};
/* End XCBuildConfiguration section */

/* Begin XCConfigurationList section */
		10F338472FC001E500D52B36 /* Build configuration list for PBXProject "SpeechEaseApp" */ = {
			isa = XCConfigurationList;
			buildConfigurations = (
				10F3386B2FC001E600D52B36 /* Debug */,
				10F3386C2FC001E600D52B36 /* Release */,
			);
			defaultConfigurationIsVisible = 0;
			defaultConfigurationName = Release;
		};
		10F3386D2FC001E600D52B36 /* Build configuration list for PBXNativeTarget "SpeechEaseApp" */ = {
			isa = XCConfigurationList;
			buildConfigurations = (
				10F3386E2FC001E600D52B36 /* Debug */,
				10F3386F2FC001E600D52B36 /* Release */,
			);
			defaultConfigurationIsVisible = 0;
			defaultConfigurationName = Release;
		};
		10F338702FC001E600D52B36 /* Build configuration list for PBXNativeTarget "SpeechEaseAppTests" */ = {
			isa = XCConfigurationList;
			buildConfigurations = (
				10F338712FC001E600D52B36 /* Debug */,
				10F338722FC001E600D52B36 /* Release */,
			);
			defaultConfigurationIsVisible = 0;
			defaultConfigurationName = Release;
		};
		10F338732FC001E600D52B36 /* Build configuration list for PBXNativeTarget "SpeechEaseAppUITests" */ = {
			isa = XCConfigurationList;
			buildConfigurations = (
				10F338742FC001E600D52B36 /* Debug */,
				10F338752FC001E600D52B36 /* Release */,
			);
			defaultConfigurationIsVisible = 0;
			defaultConfigurationName = Release;
		};
/* End XCConfigurationList section */

/* Begin XCRemoteSwiftPackageReference section */
		E66F4FB578FA32EA018312CB /* XCRemoteSwiftPackageReference "lottie-spm" */ = {
			isa = XCRemoteSwiftPackageReference;
			repositoryURL = "https://github.com/airbnb/lottie-spm.git";
			requirement = {
				kind = upToNextMajorVersion;
				minimumVersion = 4.4.3;
			};
		};
/* End XCRemoteSwiftPackageReference section */

/* Begin XCSwiftPackageProductDependency section */
		26D0A54D960E9E5D3CF138C1 /* Lottie */ = {
			isa = XCSwiftPackageProductDependency;
			package = E66F4FB578FA32EA018312CB /* XCRemoteSwiftPackageReference "lottie-spm" */;
			productName = Lottie;
		};
/* End XCSwiftPackageProductDependency section */
	};
	rootObject = 10F338442FC001E500D52B36 /* Project object */;
}
